Microsoft Visual Studio Solution File, Format Version 11.00
# Visual Studio 2010
Project("{FAE04EC0-301F-11D3-BF4B-00C04F79EFBC}") = "Assembly-CSharp", "Assembly-CSharp.csproj", "{1D5C2B31-A6B0-F9D1-A512-A4664616FCF9}"
EndProject
Project("{FAE04EC0-301F-11D3-BF4B-00C04F79EFBC}") = "Assembly-CSharp-Editor", "Assembly-CSharp-Editor.csproj", "{EDDB19AE-8F76-5B86-5AB0-5B2D8F4826D7}"
EndProject
Global
	GlobalSection(SolutionConfigurationPlatforms) = preSolution
		Debug|Any CPU = Debug|Any CPU
		Release|Any CPU = Release|Any CPU
	EndGlobalSection
	GlobalSection(ProjectConfigurationPlatforms) = postSolution
		{1D5C2B31-A6B0-F9D1-A512-A4664616FCF9}.Debug|Any CPU.ActiveCfg = Debug|Any CPU
		{1D5C2B31-A6B0-F9D1-A512-A4664616FCF9}.Debug|Any CPU.Build.0 = Debug|Any CPU
		{1D5C2B31-A6B0-F9D1-A512-A4664616FCF9}.Release|Any CPU.ActiveCfg = Release|Any CPU
		{1D5C2B31-A6B0-F9D1-A512-A4664616FCF9}.Release|Any CPU.Build.0 = Release|Any CPU
		{EDDB19AE-8F76-5B86-5AB0-5B2D8F4826D7}.Debug|Any CPU.ActiveCfg = Debug|Any CPU
		{EDDB19AE-8F76-5B86-5AB0-5B2D8F4826D7}.Debug|Any CPU.Build.0 = Debug|Any CPU
		{EDDB19AE-8F76-5B86-5AB0-5B2D8F4826D7}.Release|Any CPU.ActiveCfg = Release|Any CPU
		{EDDB19AE-8F76-5B86-5AB0-5B2D8F4826D7}.Release|Any CPU.Build.0 = Release|Any CPU
	EndGlobalSection
	GlobalSection(SolutionProperties) = preSolution
		HideSolutionNode = FALSE
	EndGlobalSection
EndGlobal
